
Microsoft Visual Studio Solution File, Format Version 12.00
# Visual Studio Version 16
VisualStudioVersion = 16.0.29728.190
MinimumVisualStudioVersion = 10.0.40219.1
Project("{9A19103F-16F7-4668-BE54-9A1E7A4F7556}") = "Models", "Models\Models.csproj", "{09595555-EFD6-4203-AB32-7732F2A43AE9}"
EndProject
Project("{9A19103F-16F7-4668-BE54-9A1E7A4F7556}") = "Interfaces", "Interfaces\Interfaces.csproj", "{098013CC-7E42-4E10-B016-30D17045B31B}"
EndProject
Project("{9A19103F-16F7-4668-BE54-9A1E7A4F7556}") = "Application", "Application\Application.csproj", "{8AA43D4D-C510-4B93-BD4E-2BBF53952F4B}"
EndProject
Project("{9A19103F-16F7-4668-BE54-9A1E7A4F7556}") = "Utilities", "Utilities\Utilities.csproj", "{42A0CDFB-8A68-4C9E-8FDC-34202330BFF3}"
EndProject
Project("{9A19103F-16F7-4668-BE54-9A1E7A4F7556}") = "Noster", "Noster\Noster.csproj", "{F69F0E9F-F2FC-49E3-B41C-82DB8E51F27E}"
EndProject
Project("{9A19103F-16F7-4668-BE54-9A1E7A4F7556}") = "DatabaseConnection", "DatabaseConnection\DatabaseConnection.csproj", "{39321F42-EA17-4298-B6C9-59A97A244575}"
EndProject
Project("{9A19103F-16F7-4668-BE54-9A1E7A4F7556}") = "IntegrationApi", "IntegrationApi\IntegrationApi.csproj", "{F03CDD26-4967-4F67-9531-1A651C1CC73D}"
EndProject
Project("{9A19103F-16F7-4668-BE54-9A1E7A4F7556}") = "IntegrationApi.Tests", "IntegrationApi.Tests\IntegrationApi.Tests.csproj", "{A6256CA8-B65C-4413-9F0B-A4C878DCA260}"
EndProject
Project("{FAE04EC0-301F-11D3-BF4B-00C04F79EFBC}") = "Noster.Tests", "Noster.Tests\Noster.Tests.csproj", "{8C720677-C1C0-4C9A-8701-40DB331B23E8}"
EndProject
Global
	GlobalSection(SolutionConfigurationPlatforms) = preSolution
		Debug|Any CPU = Debug|Any CPU
		Release|Any CPU = Release|Any CPU
	EndGlobalSection
	GlobalSection(ProjectConfigurationPlatforms) = postSolution
		{09595555-EFD6-4203-AB32-7732F2A43AE9}.Debug|Any CPU.ActiveCfg = Debug|Any CPU
		{09595555-EFD6-4203-AB32-7732F2A43AE9}.Debug|Any CPU.Build.0 = Debug|Any CPU
		{09595555-EFD6-4203-AB32-7732F2A43AE9}.Release|Any CPU.ActiveCfg = Release|Any CPU
		{09595555-EFD6-4203-AB32-7732F2A43AE9}.Release|Any CPU.Build.0 = Release|Any CPU
		{098013CC-7E42-4E10-B016-30D17045B31B}.Debug|Any CPU.ActiveCfg = Debug|Any CPU
		{098013CC-7E42-4E10-B016-30D17045B31B}.Debug|Any CPU.Build.0 = Debug|Any CPU
		{098013CC-7E42-4E10-B016-30D17045B31B}.Release|Any CPU.ActiveCfg = Release|Any CPU
		{098013CC-7E42-4E10-B016-30D17045B31B}.Release|Any CPU.Build.0 = Release|Any CPU
		{8AA43D4D-C510-4B93-BD4E-2BBF53952F4B}.Debug|Any CPU.ActiveCfg = Debug|Any CPU
		{8AA43D4D-C510-4B93-BD4E-2BBF53952F4B}.Debug|Any CPU.Build.0 = Debug|Any CPU
		{8AA43D4D-C510-4B93-BD4E-2BBF53952F4B}.Release|Any CPU.ActiveCfg = Release|Any CPU
		{8AA43D4D-C510-4B93-BD4E-2BBF53952F4B}.Release|Any CPU.Build.0 = Release|Any CPU
		{42A0CDFB-8A68-4C9E-8FDC-34202330BFF3}.Debug|Any CPU.ActiveCfg = Debug|Any CPU
		{42A0CDFB-8A68-4C9E-8FDC-34202330BFF3}.Debug|Any CPU.Build.0 = Debug|Any CPU
		{42A0CDFB-8A68-4C9E-8FDC-34202330BFF3}.Release|Any CPU.ActiveCfg = Release|Any CPU
		{42A0CDFB-8A68-4C9E-8FDC-34202330BFF3}.Release|Any CPU.Build.0 = Release|Any CPU
		{F69F0E9F-F2FC-49E3-B41C-82DB8E51F27E}.Debug|Any CPU.ActiveCfg = Debug|Any CPU
		{F69F0E9F-F2FC-49E3-B41C-82DB8E51F27E}.Debug|Any CPU.Build.0 = Debug|Any CPU
		{F69F0E9F-F2FC-49E3-B41C-82DB8E51F27E}.Release|Any CPU.ActiveCfg = Release|Any CPU
		{F69F0E9F-F2FC-49E3-B41C-82DB8E51F27E}.Release|Any CPU.Build.0 = Release|Any CPU
		{39321F42-EA17-4298-B6C9-59A97A244575}.Debug|Any CPU.ActiveCfg = Debug|Any CPU
		{39321F42-EA17-4298-B6C9-59A97A244575}.Debug|Any CPU.Build.0 = Debug|Any CPU
		{39321F42-EA17-4298-B6C9-59A97A244575}.Release|Any CPU.ActiveCfg = Release|Any CPU
		{39321F42-EA17-4298-B6C9-59A97A244575}.Release|Any CPU.Build.0 = Release|Any CPU
		{F03CDD26-4967-4F67-9531-1A651C1CC73D}.Debug|Any CPU.ActiveCfg = Debug|Any CPU
		{F03CDD26-4967-4F67-9531-1A651C1CC73D}.Debug|Any CPU.Build.0 = Debug|Any CPU
		{F03CDD26-4967-4F67-9531-1A651C1CC73D}.Release|Any CPU.ActiveCfg = Release|Any CPU
		{F03CDD26-4967-4F67-9531-1A651C1CC73D}.Release|Any CPU.Build.0 = Release|Any CPU
		{A6256CA8-B65C-4413-9F0B-A4C878DCA260}.Debug|Any CPU.ActiveCfg = Debug|Any CPU
		{A6256CA8-B65C-4413-9F0B-A4C878DCA260}.Debug|Any CPU.Build.0 = Debug|Any CPU
		{A6256CA8-B65C-4413-9F0B-A4C878DCA260}.Release|Any CPU.ActiveCfg = Release|Any CPU
		{A6256CA8-B65C-4413-9F0B-A4C878DCA260}.Release|Any CPU.Build.0 = Release|Any CPU
		{8C720677-C1C0-4C9A-8701-40DB331B23E8}.Debug|Any CPU.ActiveCfg = Debug|Any CPU
		{8C720677-C1C0-4C9A-8701-40DB331B23E8}.Debug|Any CPU.Build.0 = Debug|Any CPU
		{8C720677-C1C0-4C9A-8701-40DB331B23E8}.Release|Any CPU.ActiveCfg = Release|Any CPU
		{8C720677-C1C0-4C9A-8701-40DB331B23E8}.Release|Any CPU.Build.0 = Release|Any CPU
	EndGlobalSection
	GlobalSection(SolutionProperties) = preSolution
		HideSolutionNode = FALSE
	EndGlobalSection
	GlobalSection(ExtensibilityGlobals) = postSolution
		SolutionGuid = {1A9FDD36-9E2B-4BB3-B4FC-D289FBA800C8}
	EndGlobalSection
EndGlobal
